
Microsoft Visual Studio Solution File, Format Version 12.00
# Visual Studio 15
VisualStudioVersion = 15.0.28010.2003
MinimumVisualStudioVersion = 10.0.40219.1
Project("{9A19103F-16F7-4668-BE54-9A1E7A4F7556}") = "KP.Presentation.UI", "KP.Presentation.UI\KP.Presentation.UI.csproj", "{D693FA2C-78F1-4E9E-B504-85E84D552C33}"
EndProject
Project("{2150E333-8FDC-42A3-9474-1A3956D46DE8}") = "Application", "Application", "{1CE82A0B-48A2-4333-8126-2BB8D348595D}"
EndProject
Project("{2150E333-8FDC-42A3-9474-1A3956D46DE8}") = "Domain", "Domain", "{993B2B08-88EE-4A05-88E7-6ADD27E8D002}"
EndProject
Project("{2150E333-8FDC-42A3-9474-1A3956D46DE8}") = "Infrastructure", "Infrastructure", "{2BD167E9-D68E-4E84-9897-F53FE2BACA46}"
EndProject
Project("{2150E333-8FDC-42A3-9474-1A3956D46DE8}") = "Presentation", "Presentation", "{AB9C4E59-AD71-4CAF-B2BC-3A8484ECA0E9}"
EndProject
Project("{9A19103F-16F7-4668-BE54-9A1E7A4F7556}") = "KP.Domain.Contracts", "KP.Domain.Contracts\KP.Domain.Contracts.csproj", "{0C85C645-4D2A-4775-B6DB-5104275E2961}"
EndProject
Project("{9A19103F-16F7-4668-BE54-9A1E7A4F7556}") = "KP.Domain.Data", "KP.Domain.Data\KP.Domain.Data.csproj", "{EB7C73F6-9B39-4547-BA4E-DFFAC540964F}"
EndProject
Project("{9A19103F-16F7-4668-BE54-9A1E7A4F7556}") = "KP.Domain.Entities", "KP.Domain.Entities\KP.Domain.Entities.csproj", "{18913F9F-0700-4A67-B524-0233B885510A}"
EndProject
Project("{9A19103F-16F7-4668-BE54-9A1E7A4F7556}") = "KP.Application.Contracts", "KP.Application.Contracts\KP.Application.Contracts.csproj", "{DD9D40FB-633F-4028-AA64-0709FFF9FDD3}"
EndProject
Project("{9A19103F-16F7-4668-BE54-9A1E7A4F7556}") = "KP.Application.Services", "KP.Application.Services\KP.Application.Services.csproj", "{FAB4A6CF-4D04-49C0-BEF9-8CF02CD8DBB0}"
EndProject
Project("{9A19103F-16F7-4668-BE54-9A1E7A4F7556}") = "KP.Infrastructure", "KP.Infrastructure\KP.Infrastructure.csproj", "{7E26D1E5-6DE4-4E20-B581-D92589C16FCF}"
EndProject
Project("{9A19103F-16F7-4668-BE54-9A1E7A4F7556}") = "KP.Infrastructure.IoC", "KP.Infrastructure.IoC\KP.Infrastructure.IoC.csproj", "{41EB2B12-A2DD-4D5B-9254-7ED82FD227AE}"
EndProject
Project("{FAE04EC0-301F-11D3-BF4B-00C04F79EFBC}") = "KP.Domain.DapperAttributeMapper", "KP.Domain.DapperAttributeMapper\KP.Domain.DapperAttributeMapper.csproj", "{0BD7304E-50C6-4AEB-8043-B1EED4777E37}"
EndProject
Global
	GlobalSection(SolutionConfigurationPlatforms) = preSolution
		Debug|Any CPU = Debug|Any CPU
		Release|Any CPU = Release|Any CPU
	EndGlobalSection
	GlobalSection(ProjectConfigurationPlatforms) = postSolution
		{D693FA2C-78F1-4E9E-B504-85E84D552C33}.Debug|Any CPU.ActiveCfg = Debug|Any CPU
		{D693FA2C-78F1-4E9E-B504-85E84D552C33}.Debug|Any CPU.Build.0 = Debug|Any CPU
		{D693FA2C-78F1-4E9E-B504-85E84D552C33}.Release|Any CPU.ActiveCfg = Release|Any CPU
		{D693FA2C-78F1-4E9E-B504-85E84D552C33}.Release|Any CPU.Build.0 = Release|Any CPU
		{0C85C645-4D2A-4775-B6DB-5104275E2961}.Debug|Any CPU.ActiveCfg = Debug|Any CPU
		{0C85C645-4D2A-4775-B6DB-5104275E2961}.Debug|Any CPU.Build.0 = Debug|Any CPU
		{0C85C645-4D2A-4775-B6DB-5104275E2961}.Release|Any CPU.ActiveCfg = Release|Any CPU
		{0C85C645-4D2A-4775-B6DB-5104275E2961}.Release|Any CPU.Build.0 = Release|Any CPU
		{EB7C73F6-9B39-4547-BA4E-DFFAC540964F}.Debug|Any CPU.ActiveCfg = Debug|Any CPU
		{EB7C73F6-9B39-4547-BA4E-DFFAC540964F}.Debug|Any CPU.Build.0 = Debug|Any CPU
		{EB7C73F6-9B39-4547-BA4E-DFFAC540964F}.Release|Any CPU.ActiveCfg = Release|Any CPU
		{EB7C73F6-9B39-4547-BA4E-DFFAC540964F}.Release|Any CPU.Build.0 = Release|Any CPU
		{18913F9F-0700-4A67-B524-0233B885510A}.Debug|Any CPU.ActiveCfg = Debug|Any CPU
		{18913F9F-0700-4A67-B524-0233B885510A}.Debug|Any CPU.Build.0 = Debug|Any CPU
		{18913F9F-0700-4A67-B524-0233B885510A}.Release|Any CPU.ActiveCfg = Release|Any CPU
		{18913F9F-0700-4A67-B524-0233B885510A}.Release|Any CPU.Build.0 = Release|Any CPU
		{DD9D40FB-633F-4028-AA64-0709FFF9FDD3}.Debug|Any CPU.ActiveCfg = Debug|Any CPU
		{DD9D40FB-633F-4028-AA64-0709FFF9FDD3}.Debug|Any CPU.Build.0 = Debug|Any CPU
		{DD9D40FB-633F-4028-AA64-0709FFF9FDD3}.Release|Any CPU.ActiveCfg = Release|Any CPU
		{DD9D40FB-633F-4028-AA64-0709FFF9FDD3}.Release|Any CPU.Build.0 = Release|Any CPU
		{FAB4A6CF-4D04-49C0-BEF9-8CF02CD8DBB0}.Debug|Any CPU.ActiveCfg = Debug|Any CPU
		{FAB4A6CF-4D04-49C0-BEF9-8CF02CD8DBB0}.Debug|Any CPU.Build.0 = Debug|Any CPU
		{FAB4A6CF-4D04-49C0-BEF9-8CF02CD8DBB0}.Release|Any CPU.ActiveCfg = Release|Any CPU
		{FAB4A6CF-4D04-49C0-BEF9-8CF02CD8DBB0}.Release|Any CPU.Build.0 = Release|Any CPU
		{7E26D1E5-6DE4-4E20-B581-D92589C16FCF}.Debug|Any CPU.ActiveCfg = Debug|Any CPU
		{7E26D1E5-6DE4-4E20-B581-D92589C16FCF}.Debug|Any CPU.Build.0 = Debug|Any CPU
		{7E26D1E5-6DE4-4E20-B581-D92589C16FCF}.Release|Any CPU.ActiveCfg = Release|Any CPU
		{7E26D1E5-6DE4-4E20-B581-D92589C16FCF}.Release|Any CPU.Build.0 = Release|Any CPU
		{41EB2B12-A2DD-4D5B-9254-7ED82FD227AE}.Debug|Any CPU.ActiveCfg = Debug|Any CPU
		{41EB2B12-A2DD-4D5B-9254-7ED82FD227AE}.Debug|Any CPU.Build.0 = Debug|Any CPU
		{41EB2B12-A2DD-4D5B-9254-7ED82FD227AE}.Release|Any CPU.ActiveCfg = Release|Any CPU
		{41EB2B12-A2DD-4D5B-9254-7ED82FD227AE}.Release|Any CPU.Build.0 = Release|Any CPU
		{0BD7304E-50C6-4AEB-8043-B1EED4777E37}.Debug|Any CPU.ActiveCfg = Debug|Any CPU
		{0BD7304E-50C6-4AEB-8043-B1EED4777E37}.Debug|Any CPU.Build.0 = Debug|Any CPU
		{0BD7304E-50C6-4AEB-8043-B1EED4777E37}.Release|Any CPU.ActiveCfg = Release|Any CPU
		{0BD7304E-50C6-4AEB-8043-B1EED4777E37}.Release|Any CPU.Build.0 = Release|Any CPU
	EndGlobalSection
	GlobalSection(SolutionProperties) = preSolution
		HideSolutionNode = FALSE
	EndGlobalSection
	GlobalSection(NestedProjects) = preSolution
		{D693FA2C-78F1-4E9E-B504-85E84D552C33} = {AB9C4E59-AD71-4CAF-B2BC-3A8484ECA0E9}
		{0C85C645-4D2A-4775-B6DB-5104275E2961} = {993B2B08-88EE-4A05-88E7-6ADD27E8D002}
		{EB7C73F6-9B39-4547-BA4E-DFFAC540964F} = {993B2B08-88EE-4A05-88E7-6ADD27E8D002}
		{18913F9F-0700-4A67-B524-0233B885510A} = {993B2B08-88EE-4A05-88E7-6ADD27E8D002}
		{DD9D40FB-633F-4028-AA64-0709FFF9FDD3} = {1CE82A0B-48A2-4333-8126-2BB8D348595D}
		{FAB4A6CF-4D04-49C0-BEF9-8CF02CD8DBB0} = {1CE82A0B-48A2-4333-8126-2BB8D348595D}
		{7E26D1E5-6DE4-4E20-B581-D92589C16FCF} = {2BD167E9-D68E-4E84-9897-F53FE2BACA46}
		{41EB2B12-A2DD-4D5B-9254-7ED82FD227AE} = {2BD167E9-D68E-4E84-9897-F53FE2BACA46}
		{0BD7304E-50C6-4AEB-8043-B1EED4777E37} = {993B2B08-88EE-4A05-88E7-6ADD27E8D002}
	EndGlobalSection
	GlobalSection(ExtensibilityGlobals) = postSolution
		SolutionGuid = {40F82F57-B32E-4874-8D21-4DD01F16DB56}
	EndGlobalSection
EndGlobal
